# This file is autogenerated, do not edit; changes may be undone by the next 'dep ensure'.


[[projects]]
  name = "github.com/bmizerany/pat"
  packages = ["."]
  revision = "b8a35001b773c267eb260a691f4e5499a3531600"

[[projects]]
  branch = "master"
  name = "github.com/creack/goselect"
  packages = ["."]
  revision = "1bd5ca702c6154bccc56ecd598932ee8b295cab2"

[[projects]]
  branch = "master"
  name = "github.com/currantlabs/ble"
  packages = [".","darwin","linux","linux/adv","linux/att","linux/gatt","linux/hci","linux/hci/cmd","linux/hci/evt","linux/hci/socket"]
  revision = "ba3b00e87511deec53b2d0e8df691426a1d37bf7"

[[projects]]
  branch = "master"
  name = "github.com/hashicorp/errwrap"
  packages = ["."]
  revision = "7554cd9344cec97297fa6649b055a8c98c2a1e55"

[[projects]]
  branch = "master"
  name = "github.com/hashicorp/go-multierror"
  packages = ["."]
  revision = "83588e72410abfbe4df460eeb6f30841ae47d4c4"

[[projects]]
  branch = "master"
  name = "github.com/mattn/go-colorable"
  packages = ["."]
  revision = "ad5389df28cdac544c99bd7b9161a0b5b6ca9d1b"

[[projects]]
  name = "github.com/mattn/go-isatty"
  packages = ["."]
  revision = "7fcbc72f853b92b5720db4a6b8482be612daef24"

[[projects]]
  branch = "master"
  name = "github.com/mgutz/ansi"
  packages = ["."]
  revision = "9520e82c474b0a04dd04f8a40959027271bab992"

[[projects]]
  branch = "master"
  name = "github.com/mgutz/logxi"
  packages = ["v1"]
  revision = "aebf8a7d67ab4625e0fd4a665766fef9a709161b"

[[projects]]
  branch = "master"
  name = "github.com/pkg/errors"
  packages = ["."]
  revision = "f15c970de5b76fac0b59abb32d62c17cc7bed265"

[[projects]]
  branch = "master"
  name = "github.com/raff/goble"
  packages = ["xpc"]
  revision = "b12b34f940c4cf4363660073539b5fa9fd96bd16"

[[projects]]
  branch = "master"
  name = "github.com/sigurn/crc8"
  packages = ["."]
  revision = "e55481d6f45c5a8f040343bace9013571dae103e"

[[projects]]
  branch = "master"
  name = "github.com/sigurn/utils"
  packages = ["."]
  revision = "f19e41f79f8f006116f682c1af454591bc278ad4"

[[projects]]
  branch = "v1"
  name = "go.bug.st/serial.v1"
  packages = [".","unixutils"]
  revision = "eae1344f9f90101f887b08d13391c34399f97873"

[[projects]]
  branch = "master"
  name = "gobot.io/x/gobot"
  packages = [".","api","api/robeaux","drivers/gpio","drivers/i2c","platforms/ble","platforms/firmata","platforms/firmata/client"]
  revision = "0c9d2d7e2151f6354df165453e8aaf11cf0456d2"

[[projects]]
  branch = "master"
  name = "golang.org/x/net"
  packages = ["context"]
  revision = "c73622c77280266305273cb545f54516ced95b93"

[[projects]]
  branch = "master"
  name = "golang.org/x/sys"
  packages = ["unix","windows"]
  revision = "661970f62f5897bc0cd5fdca7e087ba8a98a8fa1"

[solve-meta]
  analyzer-name = "dep"
  analyzer-version = 1
  inputs-digest = "05b772c89ad20cddf9881ba8224fa96935da3a806dca99187d9a4ae4ca3f6be6"
  solver-name = "gps-cdcl"
  solver-version = 1
